
Microsoft Visual Studio Solution File, Format Version 12.00
# Visual Studio Version 17
VisualStudioVersion = 17.1.31911.260
MinimumVisualStudioVersion = 10.0.40219.1
Project("{FAE04EC0-301F-11D3-BF4B-00C04F79EFBC}") = "fc.protofolio.winforms", "fc.protofolio.winforms\fc.protofolio.winforms.csproj", "{AA0590B7-CB89-48D4-A3F4-5FEFC1EA74C6}"
EndProject
Global
	GlobalSection(SolutionConfigurationPlatforms) = preSolution
		Debug|Any CPU = Debug|Any CPU
		Release|Any CPU = Release|Any CPU
	EndGlobalSection
	GlobalSection(ProjectConfigurationPlatforms) = postSolution
		{AA0590B7-CB89-48D4-A3F4-5FEFC1EA74C6}.Debug|Any CPU.ActiveCfg = Debug|Any CPU
		{AA0590B7-CB89-48D4-A3F4-5FEFC1EA74C6}.Debug|Any CPU.Build.0 = Debug|Any CPU
		{AA0590B7-CB89-48D4-A3F4-5FEFC1EA74C6}.Release|Any CPU.ActiveCfg = Release|Any CPU
		{AA0590B7-CB89-48D4-A3F4-5FEFC1EA74C6}.Release|Any CPU.Build.0 = Release|Any CPU
	EndGlobalSection
	GlobalSection(SolutionProperties) = preSolution
		HideSolutionNode = FALSE
	EndGlobalSection
	GlobalSection(ExtensibilityGlobals) = postSolution
		SolutionGuid = {98C69ADF-FD7F-4CAF-8ACD-0DAD97B5EA65}
	EndGlobalSection
EndGlobal
